
Microsoft Visual Studio Solution File, Format Version 12.00
# Visual Studio Version 16
VisualStudioVersion = 16.0.30907.101
MinimumVisualStudioVersion = 10.0.40219.1
Project("{FAE04EC0-301F-11D3-BF4B-00C04F79EFBC}") = "FilesZipper", "FilesZipper.csproj", "{110D465B-FF8E-4F73-B4BC-6CE044EF9864}"
EndProject
Global
	GlobalSection(SolutionConfigurationPlatforms) = preSolution
		Debug|Any CPU = Debug|Any CPU
		Release|Any CPU = Release|Any CPU
	EndGlobalSection
	GlobalSection(ProjectConfigurationPlatforms) = postSolution
		{110D465B-FF8E-4F73-B4BC-6CE044EF9864}.Debug|Any CPU.ActiveCfg = Debug|Any CPU
		{110D465B-FF8E-4F73-B4BC-6CE044EF9864}.Debug|Any CPU.Build.0 = Debug|Any CPU
		{110D465B-FF8E-4F73-B4BC-6CE044EF9864}.Release|Any CPU.ActiveCfg = Release|Any CPU
		{110D465B-FF8E-4F73-B4BC-6CE044EF9864}.Release|Any CPU.Build.0 = Release|Any CPU
	EndGlobalSection
	GlobalSection(SolutionProperties) = preSolution
		HideSolutionNode = FALSE
	EndGlobalSection
	GlobalSection(ExtensibilityGlobals) = postSolution
		SolutionGuid = {C27ECC61-F733-4F31-888C-2612E637E99C}
	EndGlobalSection
EndGlobal
